// !$*UTF8*$!
{
	archiveVersion = 1;
	classes = {
	};
	objectVersion = 50;
	objects = {

/* Begin PBXBuildFile section */
		9908C6A5246AA8BF0063BF37 /* AppDelegate.swift in Sources */ = {isa = PBXBuildFile; fileRef = 9908C6A4246AA8BF0063BF37 /* AppDelegate.swift */; };
		9908C6A7246AA8BF0063BF37 /* SceneDelegate.swift in Sources */ = {isa = PBXBuildFile; fileRef = 9908C6A6246AA8BF0063BF37 /* SceneDelegate.swift */; };
		9908C6AA246AA8BF0063BF37 /* Todo.xcdatamodeld in Sources */ = {isa = PBXBuildFile; fileRef = 9908C6A8246AA8BF0063BF37 /* Todo.xcdatamodeld */; };
		9908C6AC246AA8BF0063BF37 /* ContentView.swift in Sources */ = {isa = PBXBuildFile; fileRef = 9908C6AB246AA8BF0063BF37 /* ContentView.swift */; };
		9908C6AE246AA8C10063BF37 /* Assets.xcassets in Resources */ = {isa = PBXBuildFile; fileRef = 9908C6AD246AA8C10063BF37 /* Assets.xcassets */; };
		9908C6B1246AA8C10063BF37 /* Preview Assets.xcassets in Resources */ = {isa = PBXBuildFile; fileRef = 9908C6B0246AA8C10063BF37 /* Preview Assets.xcassets */; };
		9908C6B4246AA8C10063BF37 /* LaunchScreen.storyboard in Resources */ = {isa = PBXBuildFile; fileRef = 9908C6B2246AA8C10063BF37 /* LaunchScreen.storyboard */; };
		9908C6BD246AAA8F0063BF37 /* AddTodoView.swift in Sources */ = {isa = PBXBuildFile; fileRef = 9908C6BC246AAA8F0063BF37 /* AddTodoView.swift */; };
		9918C3BE247FD9E60044C6FD /* SettingsView.swift in Sources */ = {isa = PBXBuildFile; fileRef = 9918C3BD247FD9E60044C6FD /* SettingsView.swift */; };
		9918C3C0247FDCE20044C6FD /* FormRowStaticView.swift in Sources */ = {isa = PBXBuildFile; fileRef = 9918C3BF247FDCE20044C6FD /* FormRowStaticView.swift */; };
		9918C3C2247FDFDC0044C6FD /* FormRowLinkView.swift in Sources */ = {isa = PBXBuildFile; fileRef = 9918C3C1247FDFDC0044C6FD /* FormRowLinkView.swift */; };
		991E9FDC248E7BE700605B07 /* ThemeModel.swift in Sources */ = {isa = PBXBuildFile; fileRef = 991E9FDB248E7BE700605B07 /* ThemeModel.swift */; };
		991E9FDE248E7C2600605B07 /* ThemeData.swift in Sources */ = {isa = PBXBuildFile; fileRef = 991E9FDD248E7C2600605B07 /* ThemeData.swift */; };
		991E9FE0248E7C8500605B07 /* ThemeSettings.swift in Sources */ = {isa = PBXBuildFile; fileRef = 991E9FDF248E7C8500605B07 /* ThemeSettings.swift */; };
		99A66406247BD06D00F1CCB7 /* EmptyListView.swift in Sources */ = {isa = PBXBuildFile; fileRef = 99A66405247BD06D00F1CCB7 /* EmptyListView.swift */; };
		99E11CCB2487722000970ED9 /* Blue Dark.png in Resources */ = {isa = PBXBuildFile; fileRef = 99E11CC22487722000970ED9 /* Blue Dark.png */; };
		99E11CCC2487722000970ED9 /* Blue.png in Resources */ = {isa = PBXBuildFile; fileRef = 99E11CC32487722000970ED9 /* Blue.png */; };
		99E11CCD2487722000970ED9 /* Green.png in Resources */ = {isa = PBXBuildFile; fileRef = 99E11CC42487722000970ED9 /* Green.png */; };
		99E11CCE2487722000970ED9 /* Blue Light.png in Resources */ = {isa = PBXBuildFile; fileRef = 99E11CC52487722000970ED9 /* Blue Light.png */; };
		99E11CCF2487722000970ED9 /* Pink Dark.png in Resources */ = {isa = PBXBuildFile; fileRef = 99E11CC62487722000970ED9 /* Pink Dark.png */; };
		99E11CD02487722000970ED9 /* Pink Light.png in Resources */ = {isa = PBXBuildFile; fileRef = 99E11CC72487722000970ED9 /* Pink Light.png */; };
		99E11CD12487722000970ED9 /* Pink.png in Resources */ = {isa = PBXBuildFile; fileRef = 99E11CC82487722000970ED9 /* Pink.png */; };
		99E11CD22487722000970ED9 /* Green Light.png in Resources */ = {isa = PBXBuildFile; fileRef = 99E11CC92487722000970ED9 /* Green Light.png */; };
		99E11CD32487722000970ED9 /* Green Dark.png in Resources */ = {isa = PBXBuildFile; fileRef = 99E11CCA2487722000970ED9 /* Green Dark.png */; };
/* End PBXBuildFile section */

/* Begin PBXFileReference section */
		9908C6A1246AA8BF0063BF37 /* Todo App.app */ = {isa = PBXFileReference; explicitFileType = wrapper.application; includeInIndex = 0; path = "Todo App.app"; sourceTree = BUILT_PRODUCTS_DIR; };
		9908C6A4246AA8BF0063BF37 /* AppDelegate.swift */ = {isa = PBXFileReference; lastKnownFileType = sourcecode.swift; path = AppDelegate.swift; sourceTree = "<group>"; };
		9908C6A6246AA8BF0063BF37 /* SceneDelegate.swift */ = {isa = PBXFileReference; lastKnownFileType = sourcecode.swift; path = SceneDelegate.swift; sourceTree = "<group>"; };
		9908C6A9246AA8BF0063BF37 /* Todo.xcdatamodel */ = {isa = PBXFileReference; lastKnownFileType = wrapper.xcdatamodel; path = Todo.xcdatamodel; sourceTree = "<group>"; };
		9908C6AB246AA8BF0063BF37 /* ContentView.swift */ = {isa = PBXFileReference; lastKnownFileType = sourcecode.swift; path = ContentView.swift; sourceTree = "<group>"; };
		9908C6AD246AA8C10063BF37 /* Assets.xcassets */ = {isa = PBXFileReference; lastKnownFileType = folder.assetcatalog; path = Assets.xcassets; sourceTree = "<group>"; };
		9908C6B0246AA8C10063BF37 /* Preview Assets.xcassets */ = {isa = PBXFileReference; lastKnownFileType = folder.assetcatalog; path = "Preview Assets.xcassets"; sourceTree = "<group>"; };
		9908C6B3246AA8C10063BF37 /* Base */ = {isa = PBXFileReference; lastKnownFileType = file.storyboard; name = Base; path = Base.lproj/LaunchScreen.storyboard; sourceTree = "<group>"; };
		9908C6B5246AA8C10063BF37 /* Info.plist */ = {isa = PBXFileReference; lastKnownFileType = text.plist.xml; path = Info.plist; sourceTree = "<group>"; };
		9908C6BC246AAA8F0063BF37 /* AddTodoView.swift */ = {isa = PBXFileReference; lastKnownFileType = sourcecode.swift; path = AddTodoView.swift; sourceTree = "<group>"; };
		9918C3BD247FD9E60044C6FD /* SettingsView.swift */ = {isa = PBXFileReference; lastKnownFileType = sourcecode.swift; path = SettingsView.swift; sourceTree = "<group>"; };
		9918C3BF247FDCE20044C6FD /* FormRowStaticView.swift */ = {isa = PBXFileReference; lastKnownFileType = sourcecode.swift; path = FormRowStaticView.swift; sourceTree = "<group>"; };
		9918C3C1247FDFDC0044C6FD /* FormRowLinkView.swift */ = {isa = PBXFileReference; lastKnownFileType = sourcecode.swift; path = FormRowLinkView.swift; sourceTree = "<group>"; };
		991E9FDB248E7BE700605B07 /* ThemeModel.swift */ = {isa = PBXFileReference; lastKnownFileType = sourcecode.swift; path = ThemeModel.swift; sourceTree = "<group>"; };
		991E9FDD248E7C2600605B07 /* ThemeData.swift */ = {isa = PBXFileReference; lastKnownFileType = sourcecode.swift; path = ThemeData.swift; sourceTree = "<group>"; };
		991E9FDF248E7C8500605B07 /* ThemeSettings.swift */ = {isa = PBXFileReference; lastKnownFileType = sourcecode.swift; path = ThemeSettings.swift; sourceTree = "<group>"; };
		99A66405247BD06D00F1CCB7 /* EmptyListView.swift */ = {isa = PBXFileReference; lastKnownFileType = sourcecode.swift; path = EmptyListView.swift; sourceTree = "<group>"; };
		99E11CC22487722000970ED9 /* Blue Dark.png */ = {isa = PBXFileReference; lastKnownFileType = image.png; path = "Blue Dark.png"; sourceTree = "<group>"; };
		99E11CC32487722000970ED9 /* Blue.png */ = {isa = PBXFileReference; lastKnownFileType = image.png; path = Blue.png; sourceTree = "<group>"; };
		99E11CC42487722000970ED9 /* Green.png */ = {isa = PBXFileReference; lastKnownFileType = image.png; path = Green.png; sourceTree = "<group>"; };
		99E11CC52487722000970ED9 /* Blue Light.png */ = {isa = PBXFileReference; lastKnownFileType = image.png; path = "Blue Light.png"; sourceTree = "<group>"; };
		99E11CC62487722000970ED9 /* Pink Dark.png */ = {isa = PBXFileReference; lastKnownFileType = image.png; path = "Pink Dark.png"; sourceTree = "<group>"; };
		99E11CC72487722000970ED9 /* Pink Light.png */ = {isa = PBXFileReference; lastKnownFileType = image.png; path = "Pink Light.png"; sourceTree = "<group>"; };
		99E11CC82487722000970ED9 /* Pink.png */ = {isa = PBXFileReference; lastKnownFileType = image.png; path = Pink.png; sourceTree = "<group>"; };
		99E11CC92487722000970ED9 /* Green Light.png */ = {isa = PBXFileReference; lastKnownFileType = image.png; path = "Green Light.png"; sourceTree = "<group>"; };
		99E11CCA2487722000970ED9 /* Green Dark.png */ = {isa = PBXFileReference; lastKnownFileType = image.png; path = "Green Dark.png"; sourceTree = "<group>"; };
/* End PBXFileReference section */

/* Begin PBXFrameworksBuildPhase section */
		9908C69E246AA8BF0063BF37 /* Frameworks */ = {
			isa = PBXFrameworksBuildPhase;
			buildActionMask = 2147483647;
			files = (
			);
			runOnlyForDeploymentPostprocessing = 0;
		};
/* End PBXFrameworksBuildPhase section */

/* Begin PBXGroup section */
		9908C698246AA8BF0063BF37 = {
			isa = PBXGroup;
			children = (
				9908C6A3246AA8BF0063BF37 /* Todo */,
				9908C6A2246AA8BF0063BF37 /* Products */,
			);
			sourceTree = "<group>";
		};
		9908C6A2246AA8BF0063BF37 /* Products */ = {
			isa = PBXGroup;
			children = (
				9908C6A1246AA8BF0063BF37 /* Todo App.app */,
			);
			name = Products;
			sourceTree = "<group>";
		};
		9908C6A3246AA8BF0063BF37 /* Todo */ = {
			isa = PBXGroup;
			children = (
				991E9FDA248E7BDC00605B07 /* Theme */,
				99E11CC1248771E100970ED9 /* Icons */,
				9908C6BB246AAA780063BF37 /* View */,
				9908C6A4246AA8BF0063BF37 /* AppDelegate.swift */,
				9908C6A6246AA8BF0063BF37 /* SceneDelegate.swift */,
				9908C6AD246AA8C10063BF37 /* Assets.xcassets */,
				9908C6B2246AA8C10063BF37 /* LaunchScreen.storyboard */,
				9908C6B5246AA8C10063BF37 /* Info.plist */,
				9908C6A8246AA8BF0063BF37 /* Todo.xcdatamodeld */,
				9908C6AF246AA8C10063BF37 /* Preview Content */,
			);
			path = Todo;
			sourceTree = "<group>";
		};
		9908C6AF246AA8C10063BF37 /* Preview Content */ = {
			isa = PBXGroup;
			children = (
				9908C6B0246AA8C10063BF37 /* Preview Assets.xcassets */,
			);
			path = "Preview Content";
			sourceTree = "<group>";
		};
		9908C6BB246AAA780063BF37 /* View */ = {
			isa = PBXGroup;
			children = (
				9908C6AB246AA8BF0063BF37 /* ContentView.swift */,
				9908C6BC246AAA8F0063BF37 /* AddTodoView.swift */,
				99A66405247BD06D00F1CCB7 /* EmptyListView.swift */,
				9918C3BD247FD9E60044C6FD /* SettingsView.swift */,
				9918C3BF247FDCE20044C6FD /* FormRowStaticView.swift */,
				9918C3C1247FDFDC0044C6FD /* FormRowLinkView.swift */,
			);
			path = View;
			sourceTree = "<group>";
		};
		991E9FDA248E7BDC00605B07 /* Theme */ = {
			isa = PBXGroup;
			children = (
				991E9FDB248E7BE700605B07 /* ThemeModel.swift */,
				991E9FDD248E7C2600605B07 /* ThemeData.swift */,
				991E9FDF248E7C8500605B07 /* ThemeSettings.swift */,
			);
			path = Theme;
			sourceTree = "<group>";
		};
		99E11CC1248771E100970ED9 /* Icons */ = {
			isa = PBXGroup;
			children = (
				99E11CC22487722000970ED9 /* Blue Dark.png */,
				99E11CC52487722000970ED9 /* Blue Light.png */,
				99E11CC32487722000970ED9 /* Blue.png */,
				99E11CCA2487722000970ED9 /* Green Dark.png */,
				99E11CC92487722000970ED9 /* Green Light.png */,
				99E11CC42487722000970ED9 /* Green.png */,
				99E11CC62487722000970ED9 /* Pink Dark.png */,
				99E11CC72487722000970ED9 /* Pink Light.png */,
				99E11CC82487722000970ED9 /* Pink.png */,
			);
			path = Icons;
			sourceTree = "<group>";
		};
/* End PBXGroup section */

/* Begin PBXNativeTarget section */
		9908C6A0246AA8BF0063BF37 /* Todo App */ = {
			isa = PBXNativeTarget;
			buildConfigurationList = 9908C6B8246AA8C10063BF37 /* Build configuration list for PBXNativeTarget "Todo App" */;
			buildPhases = (
				9908C69D246AA8BF0063BF37 /* Sources */,
				9908C69E246AA8BF0063BF37 /* Frameworks */,
				9908C69F246AA8BF0063BF37 /* Resources */,
			);
			buildRules = (
			);
			dependencies = (
			);
			name = "Todo App";
			productName = Todo;
			productReference = 9908C6A1246AA8BF0063BF37 /* Todo App.app */;
			productType = "com.apple.product-type.application";
		};
/* End PBXNativeTarget section */

/* Begin PBXProject section */
		9908C699246AA8BF0063BF37 /* Project object */ = {
			isa = PBXProject;
			attributes = {
				LastSwiftUpdateCheck = 1140;
				LastUpgradeCheck = 1140;
				ORGANIZATIONNAME = "Ale Mohamad";
				TargetAttributes = {
					9908C6A0246AA8BF0063BF37 = {
						CreatedOnToolsVersion = 11.4.1;
					};
				};
			};
			buildConfigurationList = 9908C69C246AA8BF0063BF37 /* Build configuration list for PBXProject "Todo App" */;
			compatibilityVersion = "Xcode 9.3";
			developmentRegion = en;
			hasScannedForEncodings = 0;
			knownRegions = (
				en,
				Base,
			);
			mainGroup = 9908C698246AA8BF0063BF37;
			productRefGroup = 9908C6A2246AA8BF0063BF37 /* Products */;
			projectDirPath = "";
			projectRoot = "";
			targets = (
				9908C6A0246AA8BF0063BF37 /* Todo App */,
			);
		};
/* End PBXProject section */

/* Begin PBXResourcesBuildPhase section */
		9908C69F246AA8BF0063BF37 /* Resources */ = {
			isa = PBXResourcesBuildPhase;
			buildActionMask = 2147483647;
			files = (
				99E11CD32487722000970ED9 /* Green Dark.png in Resources */,
				9908C6B4246AA8C10063BF37 /* LaunchScreen.storyboard in Resources */,
				99E11CCD2487722000970ED9 /* Green.png in Resources */,
				99E11CD02487722000970ED9 /* Pink Light.png in Resources */,
				9908C6B1246AA8C10063BF37 /* Preview Assets.xcassets in Resources */,
				99E11CCE2487722000970ED9 /* Blue Light.png in Resources */,
				99E11CCF2487722000970ED9 /* Pink Dark.png in Resources */,
				99E11CCC2487722000970ED9 /* Blue.png in Resources */,
				99E11CD12487722000970ED9 /* Pink.png in Resources */,
				99E11CD22487722000970ED9 /* Green Light.png in Resources */,
				99E11CCB2487722000970ED9 /* Blue Dark.png in Resources */,
				9908C6AE246AA8C10063BF37 /* Assets.xcassets in Resources */,
			);
			runOnlyForDeploymentPostprocessing = 0;
		};
/* End PBXResourcesBuildPhase section */

/* Begin PBXSourcesBuildPhase section */
		9908C69D246AA8BF0063BF37 /* Sources */ = {
			isa = PBXSourcesBuildPhase;
			buildActionMask = 2147483647;
			files = (
				9918C3BE247FD9E60044C6FD /* SettingsView.swift in Sources */,
				9918C3C0247FDCE20044C6FD /* FormRowStaticView.swift in Sources */,
				9918C3C2247FDFDC0044C6FD /* FormRowLinkView.swift in Sources */,
				991E9FDE248E7C2600605B07 /* ThemeData.swift in Sources */,
				9908C6A5246AA8BF0063BF37 /* AppDelegate.swift in Sources */,
				9908C6AA246AA8BF0063BF37 /* Todo.xcdatamodeld in Sources */,
				991E9FE0248E7C8500605B07 /* ThemeSettings.swift in Sources */,
				99A66406247BD06D00F1CCB7 /* EmptyListView.swift in Sources */,
				9908C6AC246AA8BF0063BF37 /* ContentView.swift in Sources */,
				991E9FDC248E7BE700605B07 /* ThemeModel.swift in Sources */,
				9908C6A7246AA8BF0063BF37 /* SceneDelegate.swift in Sources */,
				9908C6BD246AAA8F0063BF37 /* AddTodoView.swift in Sources */,
			);
			runOnlyForDeploymentPostprocessing = 0;
		};
/* End PBXSourcesBuildPhase section */

/* Begin PBXVariantGroup section */
		9908C6B2246AA8C10063BF37 /* LaunchScreen.storyboard */ = {
			isa = PBXVariantGroup;
			children = (
				9908C6B3246AA8C10063BF37 /* Base */,
			);
			name = LaunchScreen.storyboard;
			sourceTree = "<group>";
		};
/* End PBXVariantGroup section */

/* Begin XCBuildConfiguration section */
		9908C6B6246AA8C10063BF37 /* Debug */ = {
			isa = XCBuildConfiguration;
			buildSettings = {
				ALWAYS_SEARCH_USER_PATHS = NO;
				CLANG_ANALYZER_NONNULL = YES;
				CLANG_ANALYZER_NUMBER_OBJECT_CONVERSION = YES_AGGRESSIVE;
				CLANG_CXX_LANGUAGE_STANDARD = "gnu++14";
				CLANG_CXX_LIBRARY = "libc++";
				CLANG_ENABLE_MODULES = YES;
				CLANG_ENABLE_OBJC_ARC = YES;
				CLANG_ENABLE_OBJC_WEAK = YES;
				CLANG_WARN_BLOCK_CAPTURE_AUTORELEASING = YES;
				CLANG_WARN_BOOL_CONVERSION = YES;
				CLANG_WARN_COMMA = YES;
				CLANG_WARN_CONSTANT_CONVERSION = YES;
				CLANG_WARN_DEPRECATED_OBJC_IMPLEMENTATIONS = YES;
				CLANG_WARN_DIRECT_OBJC_ISA_USAGE = YES_ERROR;
				CLANG_WARN_DOCUMENTATION_COMMENTS = YES;
				CLANG_WARN_EMPTY_BODY = YES;
				CLANG_WARN_ENUM_CONVERSION = YES;
				CLANG_WARN_INFINITE_RECURSION = YES;
				CLANG_WARN_INT_CONVERSION = YES;
				CLANG_WARN_NON_LITERAL_NULL_CONVERSION = YES;
				CLANG_WARN_OBJC_IMPLICIT_RETAIN_SELF = YES;
				CLANG_WARN_OBJC_LITERAL_CONVERSION = YES;
				CLANG_WARN_OBJC_ROOT_CLASS = YES_ERROR;
				CLANG_WARN_RANGE_LOOP_ANALYSIS = YES;
				CLANG_WARN_STRICT_PROTOTYPES = YES;
				CLANG_WARN_SUSPICIOUS_MOVE = YES;
				CLANG_WARN_UNGUARDED_AVAILABILITY = YES_AGGRESSIVE;
				CLANG_WARN_UNREACHABLE_CODE = YES;
				CLANG_WARN__DUPLICATE_METHOD_MATCH = YES;
				COPY_PHASE_STRIP = NO;
				DEBUG_INFORMATION_FORMAT = dwarf;
				ENABLE_STRICT_OBJC_MSGSEND = YES;
				ENABLE_TESTABILITY = YES;
				GCC_C_LANGUAGE_STANDARD = gnu11;
				GCC_DYNAMIC_NO_PIC = NO;
				GCC_NO_COMMON_BLOCKS = YES;
				GCC_OPTIMIZATION_LEVEL = 0;
				GCC_PREPROCESSOR_DEFINITIONS = (
					"DEBUG=1",
					"$(inherited)",
				);
				GCC_WARN_64_TO_32_BIT_CONVERSION = YES;
				GCC_WARN_ABOUT_RETURN_TYPE = YES_ERROR;
				GCC_WARN_UNDECLARED_SELECTOR = YES;
				GCC_WARN_UNINITIALIZED_AUTOS = YES_AGGRESSIVE;
				GCC_WARN_UNUSED_FUNCTION = YES;
				GCC_WARN_UNUSED_VARIABLE = YES;
				IPHONEOS_DEPLOYMENT_TARGET = 13.0;
				MTL_ENABLE_DEBUG_INFO = INCLUDE_SOURCE;
				MTL_FAST_MATH = YES;
				ONLY_ACTIVE_ARCH = YES;
				SDKROOT = iphoneos;
				SWIFT_ACTIVE_COMPILATION_CONDITIONS = DEBUG;
				SWIFT_OPTIMIZATION_LEVEL = "-Onone";
			};
			name = Debug;
		};
		9908C6B7246AA8C10063BF37 /* Release */ = {
			isa = XCBuildConfiguration;
			buildSettings = {
				ALWAYS_SEARCH_USER_PATHS = NO;
				CLANG_ANALYZER_NONNULL = YES;
				CLANG_ANALYZER_NUMBER_OBJECT_CONVERSION = YES_AGGRESSIVE;
				CLANG_CXX_LANGUAGE_STANDARD = "gnu++14";
				CLANG_CXX_LIBRARY = "libc++";
				CLANG_ENABLE_MODULES = YES;
				CLANG_ENABLE_OBJC_ARC = YES;
				CLANG_ENABLE_OBJC_WEAK = YES;
				CLANG_WARN_BLOCK_CAPTURE_AUTORELEASING = YES;
				CLANG_WARN_BOOL_CONVERSION = YES;
				CLANG_WARN_COMMA = YES;
				CLANG_WARN_CONSTANT_CONVERSION = YES;
				CLANG_WARN_DEPRECATED_OBJC_IMPLEMENTATIONS = YES;
				CLANG_WARN_DIRECT_OBJC_ISA_USAGE = YES_ERROR;
				CLANG_WARN_DOCUMENTATION_COMMENTS = YES;
				CLANG_WARN_EMPTY_BODY = YES;
				CLANG_WARN_ENUM_CONVERSION = YES;
				CLANG_WARN_INFINITE_RECURSION = YES;
				CLANG_WARN_INT_CONVERSION = YES;
				CLANG_WARN_NON_LITERAL_NULL_CONVERSION = YES;
				CLANG_WARN_OBJC_IMPLICIT_RETAIN_SELF = YES;
				CLANG_WARN_OBJC_LITERAL_CONVERSION = YES;
				CLANG_WARN_OBJC_ROOT_CLASS = YES_ERROR;
				CLANG_WARN_RANGE_LOOP_ANALYSIS = YES;
				CLANG_WARN_STRICT_PROTOTYPES = YES;
				CLANG_WARN_SUSPICIOUS_MOVE = YES;
				CLANG_WARN_UNGUARDED_AVAILABILITY = YES_AGGRESSIVE;
				CLANG_WARN_UNREACHABLE_CODE = YES;
				CLANG_WARN__DUPLICATE_METHOD_MATCH = YES;
				COPY_PHASE_STRIP = NO;
				DEBUG_INFORMATION_FORMAT = "dwarf-with-dsym";
				ENABLE_NS_ASSERTIONS = NO;
				ENABLE_STRICT_OBJC_MSGSEND = YES;
				GCC_C_LANGUAGE_STANDARD = gnu11;
				GCC_NO_COMMON_BLOCKS = YES;
				GCC_WARN_64_TO_32_BIT_CONVERSION = YES;
				GCC_WARN_ABOUT_RETURN_TYPE = YES_ERROR;
				GCC_WARN_UNDECLARED_SELECTOR = YES;
				GCC_WARN_UNINITIALIZED_AUTOS = YES_AGGRESSIVE;
				GCC_WARN_UNUSED_FUNCTION = YES;
				GCC_WARN_UNUSED_VARIABLE = YES;
				IPHONEOS_DEPLOYMENT_TARGET = 13.0;
				MTL_ENABLE_DEBUG_INFO = NO;
				MTL_FAST_MATH = YES;
				SDKROOT = iphoneos;
				SWIFT_COMPILATION_MODE = wholemodule;
				SWIFT_OPTIMIZATION_LEVEL = "-O";
				VALIDATE_PRODUCT = YES;
			};
			name = Release;
		};
		9908C6B9246AA8C10063BF37 /* Debug */ = {
			isa = XCBuildConfiguration;
			buildSettings = {
				ASSETCATALOG_COMPILER_APPICON_NAME = AppIcon;
				CODE_SIGN_STYLE = Automatic;
				DEVELOPMENT_ASSET_PATHS = "\"Todo/Preview Content\"";
				DEVELOPMENT_TEAM = WCNR2RY47A;
				ENABLE_PREVIEWS = YES;
				INFOPLIST_FILE = Todo/Info.plist;
				LD_RUNPATH_SEARCH_PATHS = (
					"$(inherited)",
					"@executable_path/Frameworks",
				);
				PRODUCT_BUNDLE_IDENTIFIER = com.alemohamad.Todo;
				PRODUCT_NAME = "$(TARGET_NAME)";
				SWIFT_VERSION = 5.0;
				TARGETED_DEVICE_FAMILY = "1,2";
			};
			name = Debug;
		};
		9908C6BA246AA8C10063BF37 /* Release */ = {
			isa = XCBuildConfiguration;
			buildSettings = {
				ASSETCATALOG_COMPILER_APPICON_NAME = AppIcon;
				CODE_SIGN_STYLE = Automatic;
				DEVELOPMENT_ASSET_PATHS = "\"Todo/Preview Content\"";
				DEVELOPMENT_TEAM = WCNR2RY47A;
				ENABLE_PREVIEWS = YES;
				INFOPLIST_FILE = Todo/Info.plist;
				LD_RUNPATH_SEARCH_PATHS = (
					"$(inherited)",
					"@executable_path/Frameworks",
				);
				PRODUCT_BUNDLE_IDENTIFIER = com.alemohamad.Todo;
				PRODUCT_NAME = "$(TARGET_NAME)";
				SWIFT_VERSION = 5.0;
				TARGETED_DEVICE_FAMILY = "1,2";
			};
			name = Release;
		};
/* End XCBuildConfiguration section */

/* Begin XCConfigurationList section */
		9908C69C246AA8BF0063BF37 /* Build configuration list for PBXProject "Todo App" */ = {
			isa = XCConfigurationList;
			buildConfigurations = (
				9908C6B6246AA8C10063BF37 /* Debug */,
				9908C6B7246AA8C10063BF37 /* Release */,
			);
			defaultConfigurationIsVisible = 0;
			defaultConfigurationName = Release;
		};
		9908C6B8246AA8C10063BF37 /* Build configuration list for PBXNativeTarget "Todo App" */ = {
			isa = XCConfigurationList;
			buildConfigurations = (
				9908C6B9246AA8C10063BF37 /* Debug */,
				9908C6BA246AA8C10063BF37 /* Release */,
			);
			defaultConfigurationIsVisible = 0;
			defaultConfigurationName = Release;
		};
/* End XCConfigurationList section */

/* Begin XCVersionGroup section */
		9908C6A8246AA8BF0063BF37 /* Todo.xcdatamodeld */ = {
			isa = XCVersionGroup;
			children = (
				9908C6A9246AA8BF0063BF37 /* Todo.xcdatamodel */,
			);
			currentVersion = 9908C6A9246AA8BF0063BF37 /* Todo.xcdatamodel */;
			path = Todo.xcdatamodeld;
			sourceTree = "<group>";
			versionGroupType = wrapper.xcdatamodel;
		};
/* End XCVersionGroup section */
	};
	rootObject = 9908C699246AA8BF0063BF37 /* Project object */;
}
